
Microsoft Visual Studio Solution File, Format Version 12.00
# Visual Studio 15
VisualStudioVersion = 15.0.28307.168
MinimumVisualStudioVersion = 10.0.40219.1
Project("{8BC9CEB8-8B4A-11D0-8D11-00A0C91BC942}") = "TestServer", "TestServer.vcxproj", "{93DE8286-987E-4670-A533-4E73F659C99B}"
EndProject
Global
	GlobalSection(SolutionConfigurationPlatforms) = preSolution
		Debug|x64 = Debug|x64
		Debug|x86 = Debug|x86
		Release|x64 = Release|x64
		Release|x86 = Release|x86
	EndGlobalSection
	GlobalSection(ProjectConfigurationPlatforms) = postSolution
		{93DE8286-987E-4670-A533-4E73F659C99B}.Debug|x64.ActiveCfg = Debug|x64
		{93DE8286-987E-4670-A533-4E73F659C99B}.Debug|x64.Build.0 = Debug|x64
		{93DE8286-987E-4670-A533-4E73F659C99B}.Debug|x86.ActiveCfg = Debug|Win32
		{93DE8286-987E-4670-A533-4E73F659C99B}.Debug|x86.Build.0 = Debug|Win32
		{93DE8286-987E-4670-A533-4E73F659C99B}.Release|x64.ActiveCfg = Release|x64
		{93DE8286-987E-4670-A533-4E73F659C99B}.Release|x64.Build.0 = Release|x64
		{93DE8286-987E-4670-A533-4E73F659C99B}.Release|x86.ActiveCfg = Release|Win32
		{93DE8286-987E-4670-A533-4E73F659C99B}.Release|x86.Build.0 = Release|Win32
	EndGlobalSection
	GlobalSection(SolutionProperties) = preSolution
		HideSolutionNode = FALSE
	EndGlobalSection
	GlobalSection(ExtensibilityGlobals) = postSolution
		SolutionGuid = {3B827A69-EE77-4270-A7FA-E38CE4E93990}
	EndGlobalSection
EndGlobal
