
Microsoft Visual Studio Solution File, Format Version 12.00
# Visual Studio 15
VisualStudioVersion = 15.0.28010.2041
MinimumVisualStudioVersion = 10.0.40219.1
Project("{8BC9CEB8-8B4A-11D0-8D11-00A0C91BC942}") = "Server", "Server\Server.vcxproj", "{4C7F0542-3752-4AEC-9641-A33B2C45B83C}"
EndProject
Project("{8BC9CEB8-8B4A-11D0-8D11-00A0C91BC942}") = "ServerDLL", "ServerDLL\ServerDLL.vcxproj", "{6742A23C-AA80-4392-9267-179F78D8D5FB}"
EndProject
Global
	GlobalSection(SolutionConfigurationPlatforms) = preSolution
		Debug|x64 = Debug|x64
		Debug|x86 = Debug|x86
		Release|x64 = Release|x64
		Release|x86 = Release|x86
	EndGlobalSection
	GlobalSection(ProjectConfigurationPlatforms) = postSolution
		{4C7F0542-3752-4AEC-9641-A33B2C45B83C}.Debug|x64.ActiveCfg = Debug|x64
		{4C7F0542-3752-4AEC-9641-A33B2C45B83C}.Debug|x64.Build.0 = Debug|x64
		{4C7F0542-3752-4AEC-9641-A33B2C45B83C}.Debug|x86.ActiveCfg = Debug|Win32
		{4C7F0542-3752-4AEC-9641-A33B2C45B83C}.Debug|x86.Build.0 = Debug|Win32
		{4C7F0542-3752-4AEC-9641-A33B2C45B83C}.Release|x64.ActiveCfg = Release|x64
		{4C7F0542-3752-4AEC-9641-A33B2C45B83C}.Release|x64.Build.0 = Release|x64
		{4C7F0542-3752-4AEC-9641-A33B2C45B83C}.Release|x86.ActiveCfg = Release|Win32
		{4C7F0542-3752-4AEC-9641-A33B2C45B83C}.Release|x86.Build.0 = Release|Win32
		{6742A23C-AA80-4392-9267-179F78D8D5FB}.Debug|x64.ActiveCfg = Debug|x64
		{6742A23C-AA80-4392-9267-179F78D8D5FB}.Debug|x64.Build.0 = Debug|x64
		{6742A23C-AA80-4392-9267-179F78D8D5FB}.Debug|x86.ActiveCfg = Debug|Win32
		{6742A23C-AA80-4392-9267-179F78D8D5FB}.Debug|x86.Build.0 = Debug|Win32
		{6742A23C-AA80-4392-9267-179F78D8D5FB}.Release|x64.ActiveCfg = Release|x64
		{6742A23C-AA80-4392-9267-179F78D8D5FB}.Release|x64.Build.0 = Release|x64
		{6742A23C-AA80-4392-9267-179F78D8D5FB}.Release|x86.ActiveCfg = Release|Win32
		{6742A23C-AA80-4392-9267-179F78D8D5FB}.Release|x86.Build.0 = Release|Win32
	EndGlobalSection
	GlobalSection(SolutionProperties) = preSolution
		HideSolutionNode = FALSE
	EndGlobalSection
	GlobalSection(ExtensibilityGlobals) = postSolution
		SolutionGuid = {B36C8013-EF94-462A-BD8B-1915ABB3077B}
	EndGlobalSection
EndGlobal
